
Microsoft Visual Studio Solution File, Format Version 12.00
# Visual Studio 15
VisualStudioVersion = 15.0.26730.8
MinimumVisualStudioVersion = 10.0.40219.1
Project("{FAE04EC0-301F-11D3-BF4B-00C04F79EFBC}") = "SeeSharpLib.Images", "SeeSharpLib\Images\SeeSharpLib.Images.csproj", "{C442CEB9-40D3-4CB7-A09B-1A03193664D4}"
EndProject
Project("{FAE04EC0-301F-11D3-BF4B-00C04F79EFBC}") = "SeeSharpLib.IO", "SeeSharpLib\IO\SeeSharpLib.IO.csproj", "{F34EC3D2-F3A8-4E66-8B73-43038A8A3967}"
EndProject
Project("{FAE04EC0-301F-11D3-BF4B-00C04F79EFBC}") = "SeeSharpLib.Common", "SeeSharpLib\Common\SeeSharpLib.Common.csproj", "{1AF37B24-A394-4702-8EDE-AB37A1FB1946}"
EndProject
Global
	GlobalSection(SolutionConfigurationPlatforms) = preSolution
		Debug|Any CPU = Debug|Any CPU
		Release|Any CPU = Release|Any CPU
	EndGlobalSection
	GlobalSection(ProjectConfigurationPlatforms) = postSolution
		{C442CEB9-40D3-4CB7-A09B-1A03193664D4}.Debug|Any CPU.ActiveCfg = Debug|Any CPU
		{C442CEB9-40D3-4CB7-A09B-1A03193664D4}.Debug|Any CPU.Build.0 = Debug|Any CPU
		{C442CEB9-40D3-4CB7-A09B-1A03193664D4}.Release|Any CPU.ActiveCfg = Release|Any CPU
		{C442CEB9-40D3-4CB7-A09B-1A03193664D4}.Release|Any CPU.Build.0 = Release|Any CPU
		{F34EC3D2-F3A8-4E66-8B73-43038A8A3967}.Debug|Any CPU.ActiveCfg = Debug|Any CPU
		{F34EC3D2-F3A8-4E66-8B73-43038A8A3967}.Debug|Any CPU.Build.0 = Debug|Any CPU
		{F34EC3D2-F3A8-4E66-8B73-43038A8A3967}.Release|Any CPU.ActiveCfg = Release|Any CPU
		{F34EC3D2-F3A8-4E66-8B73-43038A8A3967}.Release|Any CPU.Build.0 = Release|Any CPU
		{1AF37B24-A394-4702-8EDE-AB37A1FB1946}.Debug|Any CPU.ActiveCfg = Debug|Any CPU
		{1AF37B24-A394-4702-8EDE-AB37A1FB1946}.Debug|Any CPU.Build.0 = Debug|Any CPU
		{1AF37B24-A394-4702-8EDE-AB37A1FB1946}.Release|Any CPU.ActiveCfg = Release|Any CPU
		{1AF37B24-A394-4702-8EDE-AB37A1FB1946}.Release|Any CPU.Build.0 = Release|Any CPU
	EndGlobalSection
	GlobalSection(SolutionProperties) = preSolution
		HideSolutionNode = FALSE
	EndGlobalSection
	GlobalSection(ExtensibilityGlobals) = postSolution
		SolutionGuid = {25BECD30-6452-45C5-8F96-BC56620BA59A}
	EndGlobalSection
EndGlobal
